{
  "requires": true,
  "lockfileVersion": 1,
  "dependencies": {
    "leaflet-providers": {
      "version": "1.10.1",
      "resolved": "https://registry.npmjs.org/leaflet-providers/-/leaflet-providers-1.10.1.tgz",
      "integrity": "sha512-6+K44xgRY13K7ildNY+5uCnkG3oBTol3GvSQQjLt2QWTJdob/PWzPHuvPzYiBDOELFy+aAzPo8+skU0sYUUzwg=="
    }
  }
}
